
Microsoft Visual Studio Solution File, Format Version 12.00
# Visual Studio Version 16
VisualStudioVersion = 16.0.33920.266
MinimumVisualStudioVersion = 10.0.40219.1
Project("{8BC9CEB8-8B4A-11D0-8D11-00A0C91BC942}") = "2DProceduralCaveGenerator", "2DProceduralCaveGenerator\2DProceduralCaveGenerator.vcxproj", "{90EC4940-CFFF-4BEC-B247-F59302E557AE}"
EndProject
Global
	GlobalSection(SolutionConfigurationPlatforms) = preSolution
		Debug|x64 = Debug|x64
		Debug|x86 = Debug|x86
		Release|x64 = Release|x64
		Release|x86 = Release|x86
	EndGlobalSection
	GlobalSection(ProjectConfigurationPlatforms) = postSolution
		{90EC4940-CFFF-4BEC-B247-F59302E557AE}.Debug|x64.ActiveCfg = Debug|x64
		{90EC4940-CFFF-4BEC-B247-F59302E557AE}.Debug|x64.Build.0 = Debug|x64
		{90EC4940-CFFF-4BEC-B247-F59302E557AE}.Debug|x86.ActiveCfg = Debug|Win32
		{90EC4940-CFFF-4BEC-B247-F59302E557AE}.Debug|x86.Build.0 = Debug|Win32
		{90EC4940-CFFF-4BEC-B247-F59302E557AE}.Release|x64.ActiveCfg = Release|x64
		{90EC4940-CFFF-4BEC-B247-F59302E557AE}.Release|x64.Build.0 = Release|x64
		{90EC4940-CFFF-4BEC-B247-F59302E557AE}.Release|x86.ActiveCfg = Release|Win32
		{90EC4940-CFFF-4BEC-B247-F59302E557AE}.Release|x86.Build.0 = Release|Win32
	EndGlobalSection
	GlobalSection(SolutionProperties) = preSolution
		HideSolutionNode = FALSE
	EndGlobalSection
	GlobalSection(ExtensibilityGlobals) = postSolution
		SolutionGuid = {502587F5-BF8A-4CED-A16F-53F60EE159E9}
	EndGlobalSection
EndGlobal
